// !$*UTF8*$!
{
	archiveVersion = 1;
	classes = {
	};
	objectVersion = 55;
	objects = {

/* Begin PBXBuildFile section */
		280EB245276C9D4100802D9D /* FetchMoviesUseCase.swift in Sources */ = {isa = PBXBuildFile; fileRef = 280EB244276C9D4100802D9D /* FetchMoviesUseCase.swift */; };
		280EB247276C9D9500802D9D /* FetchTopRatedMoviesUseCase.swift in Sources */ = {isa = PBXBuildFile; fileRef = 280EB246276C9D9500802D9D /* FetchTopRatedMoviesUseCase.swift */; };
		2826547227706C860007F748 /* TopRatedMoviesRequest.swift in Sources */ = {isa = PBXBuildFile; fileRef = 2826547127706C860007F748 /* TopRatedMoviesRequest.swift */; };
		28265478277079CD0007F748 /* DefaultMovieListRepository.swift in Sources */ = {isa = PBXBuildFile; fileRef = 28265477277079CD0007F748 /* DefaultMovieListRepository.swift */; };
		28768823276A11AC002A047F /* MovieList.swift in Sources */ = {isa = PBXBuildFile; fileRef = 28768822276A11AC002A047F /* MovieList.swift */; };
		28768825276A1277002A047F /* Movie.swift in Sources */ = {isa = PBXBuildFile; fileRef = 28768824276A1277002A047F /* Movie.swift */; };
		28768827276A1469002A047F /* FetchPopularMoviesUseCase.swift in Sources */ = {isa = PBXBuildFile; fileRef = 28768826276A1469002A047F /* FetchPopularMoviesUseCase.swift */; };
		28768829276A1600002A047F /* MovieListRepository.swift in Sources */ = {isa = PBXBuildFile; fileRef = 28768828276A1600002A047F /* MovieListRepository.swift */; };
		2876882F276A1769002A047F /* MovieListService.swift in Sources */ = {isa = PBXBuildFile; fileRef = 2876882E276A1769002A047F /* MovieListService.swift */; };
		28768832276A1A3D002A047F /* Network.swift in Sources */ = {isa = PBXBuildFile; fileRef = 28768831276A1A3D002A047F /* Network.swift */; };
		28768834276A1A79002A047F /* Service.swift in Sources */ = {isa = PBXBuildFile; fileRef = 28768833276A1A79002A047F /* Service.swift */; };
		28768836276A1E13002A047F /* PopularMoviesRequest.swift in Sources */ = {isa = PBXBuildFile; fileRef = 28768835276A1E13002A047F /* PopularMoviesRequest.swift */; };
		28768838276A1FBD002A047F /* Request.swift in Sources */ = {isa = PBXBuildFile; fileRef = 28768837276A1FBD002A047F /* Request.swift */; };
		2876883A276B5323002A047F /* MovieListViewModel.swift in Sources */ = {isa = PBXBuildFile; fileRef = 28768839276B5323002A047F /* MovieListViewModel.swift */; };
		2876883C276B6145002A047F /* MovieListItemViewModel.swift in Sources */ = {isa = PBXBuildFile; fileRef = 2876883B276B6145002A047F /* MovieListItemViewModel.swift */; };
		28768842276B91CA002A047F /* MovieListItemTableViewCell.swift in Sources */ = {isa = PBXBuildFile; fileRef = 28768841276B91CA002A047F /* MovieListItemTableViewCell.swift */; };
		28768845276B9246002A047F /* MovieListItemTableViewCell.xib in Resources */ = {isa = PBXBuildFile; fileRef = 28768844276B9246002A047F /* MovieListItemTableViewCell.xib */; };
		28768847276B9C3B002A047F /* MovieListTableViewAdapter.swift in Sources */ = {isa = PBXBuildFile; fileRef = 28768846276B9C3B002A047F /* MovieListTableViewAdapter.swift */; };
		28A4F3D5276A0FFB00382CF0 /* AppDelegate.swift in Sources */ = {isa = PBXBuildFile; fileRef = 28A4F3D4276A0FFB00382CF0 /* AppDelegate.swift */; };
		28A4F3D9276A0FFB00382CF0 /* MovieListViewController.swift in Sources */ = {isa = PBXBuildFile; fileRef = 28A4F3D8276A0FFB00382CF0 /* MovieListViewController.swift */; };
		28A4F3DC276A0FFB00382CF0 /* Main.storyboard in Resources */ = {isa = PBXBuildFile; fileRef = 28A4F3DA276A0FFB00382CF0 /* Main.storyboard */; };
		28A4F3DE276A0FFE00382CF0 /* Assets.xcassets in Resources */ = {isa = PBXBuildFile; fileRef = 28A4F3DD276A0FFE00382CF0 /* Assets.xcassets */; };
		28A4F3E1276A0FFE00382CF0 /* LaunchScreen.storyboard in Resources */ = {isa = PBXBuildFile; fileRef = 28A4F3DF276A0FFE00382CF0 /* LaunchScreen.storyboard */; };
		28A4F3EC276A0FFE00382CF0 /* MoviesTests.swift in Sources */ = {isa = PBXBuildFile; fileRef = 28A4F3EB276A0FFE00382CF0 /* MoviesTests.swift */; };
		28A4F3F6276A0FFE00382CF0 /* MoviesUITests.swift in Sources */ = {isa = PBXBuildFile; fileRef = 28A4F3F5276A0FFE00382CF0 /* MoviesUITests.swift */; };
		28A4F3F8276A0FFE00382CF0 /* MoviesUITestsLaunchTests.swift in Sources */ = {isa = PBXBuildFile; fileRef = 28A4F3F7276A0FFE00382CF0 /* MoviesUITestsLaunchTests.swift */; };
/* End PBXBuildFile section */

/* Begin PBXContainerItemProxy section */
		28A4F3E8276A0FFE00382CF0 /* PBXContainerItemProxy */ = {
			isa = PBXContainerItemProxy;
			containerPortal = 28A4F3C9276A0FFB00382CF0 /* Project object */;
			proxyType = 1;
			remoteGlobalIDString = 28A4F3D0276A0FFB00382CF0;
			remoteInfo = Movies;
		};
		28A4F3F2276A0FFE00382CF0 /* PBXContainerItemProxy */ = {
			isa = PBXContainerItemProxy;
			containerPortal = 28A4F3C9276A0FFB00382CF0 /* Project object */;
			proxyType = 1;
			remoteGlobalIDString = 28A4F3D0276A0FFB00382CF0;
			remoteInfo = Movies;
		};
/* End PBXContainerItemProxy section */

/* Begin PBXFileReference section */
		280EB244276C9D4100802D9D /* FetchMoviesUseCase.swift */ = {isa = PBXFileReference; lastKnownFileType = sourcecode.swift; path = FetchMoviesUseCase.swift; sourceTree = "<group>"; };
		280EB246276C9D9500802D9D /* FetchTopRatedMoviesUseCase.swift */ = {isa = PBXFileReference; lastKnownFileType = sourcecode.swift; path = FetchTopRatedMoviesUseCase.swift; sourceTree = "<group>"; };
		2826547127706C860007F748 /* TopRatedMoviesRequest.swift */ = {isa = PBXFileReference; lastKnownFileType = sourcecode.swift; path = TopRatedMoviesRequest.swift; sourceTree = "<group>"; };
		28265477277079CD0007F748 /* DefaultMovieListRepository.swift */ = {isa = PBXFileReference; lastKnownFileType = sourcecode.swift; path = DefaultMovieListRepository.swift; sourceTree = "<group>"; };
		28768822276A11AC002A047F /* MovieList.swift */ = {isa = PBXFileReference; lastKnownFileType = sourcecode.swift; path = MovieList.swift; sourceTree = "<group>"; };
		28768824276A1277002A047F /* Movie.swift */ = {isa = PBXFileReference; lastKnownFileType = sourcecode.swift; path = Movie.swift; sourceTree = "<group>"; };
		28768826276A1469002A047F /* FetchPopularMoviesUseCase.swift */ = {isa = PBXFileReference; lastKnownFileType = sourcecode.swift; path = FetchPopularMoviesUseCase.swift; sourceTree = "<group>"; };
		28768828276A1600002A047F /* MovieListRepository.swift */ = {isa = PBXFileReference; lastKnownFileType = sourcecode.swift; path = MovieListRepository.swift; sourceTree = "<group>"; };
		2876882E276A1769002A047F /* MovieListService.swift */ = {isa = PBXFileReference; lastKnownFileType = sourcecode.swift; path = MovieListService.swift; sourceTree = "<group>"; };
		28768831276A1A3D002A047F /* Network.swift */ = {isa = PBXFileReference; lastKnownFileType = sourcecode.swift; path = Network.swift; sourceTree = "<group>"; };
		28768833276A1A79002A047F /* Service.swift */ = {isa = PBXFileReference; lastKnownFileType = sourcecode.swift; path = Service.swift; sourceTree = "<group>"; };
		28768835276A1E13002A047F /* PopularMoviesRequest.swift */ = {isa = PBXFileReference; lastKnownFileType = sourcecode.swift; path = PopularMoviesRequest.swift; sourceTree = "<group>"; };
		28768837276A1FBD002A047F /* Request.swift */ = {isa = PBXFileReference; lastKnownFileType = sourcecode.swift; path = Request.swift; sourceTree = "<group>"; };
		28768839276B5323002A047F /* MovieListViewModel.swift */ = {isa = PBXFileReference; lastKnownFileType = sourcecode.swift; path = MovieListViewModel.swift; sourceTree = "<group>"; };
		2876883B276B6145002A047F /* MovieListItemViewModel.swift */ = {isa = PBXFileReference; lastKnownFileType = sourcecode.swift; path = MovieListItemViewModel.swift; sourceTree = "<group>"; };
		28768841276B91CA002A047F /* MovieListItemTableViewCell.swift */ = {isa = PBXFileReference; lastKnownFileType = sourcecode.swift; path = MovieListItemTableViewCell.swift; sourceTree = "<group>"; };
		28768844276B9246002A047F /* MovieListItemTableViewCell.xib */ = {isa = PBXFileReference; lastKnownFileType = file.xib; path = MovieListItemTableViewCell.xib; sourceTree = "<group>"; };
		28768846276B9C3B002A047F /* MovieListTableViewAdapter.swift */ = {isa = PBXFileReference; lastKnownFileType = sourcecode.swift; path = MovieListTableViewAdapter.swift; sourceTree = "<group>"; };
		28A4F3D1276A0FFB00382CF0 /* Movies.app */ = {isa = PBXFileReference; explicitFileType = wrapper.application; includeInIndex = 0; path = Movies.app; sourceTree = BUILT_PRODUCTS_DIR; };
		28A4F3D4276A0FFB00382CF0 /* AppDelegate.swift */ = {isa = PBXFileReference; lastKnownFileType = sourcecode.swift; path = AppDelegate.swift; sourceTree = "<group>"; };
		28A4F3D8276A0FFB00382CF0 /* MovieListViewController.swift */ = {isa = PBXFileReference; lastKnownFileType = sourcecode.swift; path = MovieListViewController.swift; sourceTree = "<group>"; };
		28A4F3DB276A0FFB00382CF0 /* Base */ = {isa = PBXFileReference; lastKnownFileType = file.storyboard; name = Base; path = Base.lproj/Main.storyboard; sourceTree = "<group>"; };
		28A4F3DD276A0FFE00382CF0 /* Assets.xcassets */ = {isa = PBXFileReference; lastKnownFileType = folder.assetcatalog; path = Assets.xcassets; sourceTree = "<group>"; };
		28A4F3E0276A0FFE00382CF0 /* Base */ = {isa = PBXFileReference; lastKnownFileType = file.storyboard; name = Base; path = Base.lproj/LaunchScreen.storyboard; sourceTree = "<group>"; };
		28A4F3E2276A0FFE00382CF0 /* Info.plist */ = {isa = PBXFileReference; lastKnownFileType = text.plist.xml; path = Info.plist; sourceTree = "<group>"; };
		28A4F3E7276A0FFE00382CF0 /* MoviesTests.xctest */ = {isa = PBXFileReference; explicitFileType = wrapper.cfbundle; includeInIndex = 0; path = MoviesTests.xctest; sourceTree = BUILT_PRODUCTS_DIR; };
		28A4F3EB276A0FFE00382CF0 /* MoviesTests.swift */ = {isa = PBXFileReference; lastKnownFileType = sourcecode.swift; path = MoviesTests.swift; sourceTree = "<group>"; };
		28A4F3F1276A0FFE00382CF0 /* MoviesUITests.xctest */ = {isa = PBXFileReference; explicitFileType = wrapper.cfbundle; includeInIndex = 0; path = MoviesUITests.xctest; sourceTree = BUILT_PRODUCTS_DIR; };
		28A4F3F5276A0FFE00382CF0 /* MoviesUITests.swift */ = {isa = PBXFileReference; lastKnownFileType = sourcecode.swift; path = MoviesUITests.swift; sourceTree = "<group>"; };
		28A4F3F7276A0FFE00382CF0 /* MoviesUITestsLaunchTests.swift */ = {isa = PBXFileReference; lastKnownFileType = sourcecode.swift; path = MoviesUITestsLaunchTests.swift; sourceTree = "<group>"; };
/* End PBXFileReference section */

/* Begin PBXFrameworksBuildPhase section */
		28A4F3CE276A0FFB00382CF0 /* Frameworks */ = {
			isa = PBXFrameworksBuildPhase;
			buildActionMask = 2147483647;
			files = (
			);
			runOnlyForDeploymentPostprocessing = 0;
		};
		28A4F3E4276A0FFE00382CF0 /* Frameworks */ = {
			isa = PBXFrameworksBuildPhase;
			buildActionMask = 2147483647;
			files = (
			);
			runOnlyForDeploymentPostprocessing = 0;
		};
		28A4F3EE276A0FFE00382CF0 /* Frameworks */ = {
			isa = PBXFrameworksBuildPhase;
			buildActionMask = 2147483647;
			files = (
			);
			runOnlyForDeploymentPostprocessing = 0;
		};
/* End PBXFrameworksBuildPhase section */

/* Begin PBXGroup section */
		2876881C276A10A6002A047F /* Data */ = {
			isa = PBXGroup;
			children = (
				28768830276A1A2D002A047F /* Networking */,
				2876882D276A1747002A047F /* Services */,
				2876882A276A164B002A047F /* Repositories */,
			);
			path = Data;
			sourceTree = "<group>";
		};
		2876881D276A10BB002A047F /* Domain */ = {
			isa = PBXGroup;
			children = (
				2876881F276A10D0002A047F /* Entities */,
				2876881E276A10C7002A047F /* UseCases */,
			);
			path = Domain;
			sourceTree = "<group>";
		};
		2876881E276A10C7002A047F /* UseCases */ = {
			isa = PBXGroup;
			children = (
				28768828276A1600002A047F /* MovieListRepository.swift */,
				280EB244276C9D4100802D9D /* FetchMoviesUseCase.swift */,
				28768826276A1469002A047F /* FetchPopularMoviesUseCase.swift */,
				280EB246276C9D9500802D9D /* FetchTopRatedMoviesUseCase.swift */,
			);
			path = UseCases;
			sourceTree = "<group>";
		};
		2876881F276A10D0002A047F /* Entities */ = {
			isa = PBXGroup;
			children = (
				28768822276A11AC002A047F /* MovieList.swift */,
				28768824276A1277002A047F /* Movie.swift */,
			);
			path = Entities;
			sourceTree = "<group>";
		};
		28768820276A113F002A047F /* Presentation */ = {
			isa = PBXGroup;
			children = (
				2876883D276B6FC1002A047F /* MovieList */,
				28A4F3DA276A0FFB00382CF0 /* Main.storyboard */,
			);
			path = Presentation;
			sourceTree = "<group>";
		};
		28768821276A116A002A047F /* Main */ = {
			isa = PBXGroup;
			children = (
				28A4F3D4276A0FFB00382CF0 /* AppDelegate.swift */,
				28A4F3DD276A0FFE00382CF0 /* Assets.xcassets */,
				28A4F3DF276A0FFE00382CF0 /* LaunchScreen.storyboard */,
				28A4F3E2276A0FFE00382CF0 /* Info.plist */,
			);
			path = Main;
			sourceTree = "<group>";
		};
		2876882A276A164B002A047F /* Repositories */ = {
			isa = PBXGroup;
			children = (
				28265477277079CD0007F748 /* DefaultMovieListRepository.swift */,
			);
			path = Repositories;
			sourceTree = "<group>";
		};
		2876882D276A1747002A047F /* Services */ = {
			isa = PBXGroup;
			children = (
				2876882E276A1769002A047F /* MovieListService.swift */,
				28768835276A1E13002A047F /* PopularMoviesRequest.swift */,
				2826547127706C860007F748 /* TopRatedMoviesRequest.swift */,
			);
			path = Services;
			sourceTree = "<group>";
		};
		28768830276A1A2D002A047F /* Networking */ = {
			isa = PBXGroup;
			children = (
				28768831276A1A3D002A047F /* Network.swift */,
				28768833276A1A79002A047F /* Service.swift */,
				28768837276A1FBD002A047F /* Request.swift */,
			);
			path = Networking;
			sourceTree = "<group>";
		};
		2876883D276B6FC1002A047F /* MovieList */ = {
			isa = PBXGroup;
			children = (
				2876883F276B6FE0002A047F /* View */,
				2876883E276B6FD3002A047F /* ViewModel */,
			);
			path = MovieList;
			sourceTree = "<group>";
		};
		2876883E276B6FD3002A047F /* ViewModel */ = {
			isa = PBXGroup;
			children = (
				2876883B276B6145002A047F /* MovieListItemViewModel.swift */,
				28768839276B5323002A047F /* MovieListViewModel.swift */,
			);
			path = ViewModel;
			sourceTree = "<group>";
		};
		2876883F276B6FE0002A047F /* View */ = {
			isa = PBXGroup;
			children = (
				28768840276B7021002A047F /* MovieListTableView */,
				28A4F3D8276A0FFB00382CF0 /* MovieListViewController.swift */,
			);
			path = View;
			sourceTree = "<group>";
		};
		28768840276B7021002A047F /* MovieListTableView */ = {
			isa = PBXGroup;
			children = (
				28768843276B922D002A047F /* Cells */,
				28768846276B9C3B002A047F /* MovieListTableViewAdapter.swift */,
			);
			path = MovieListTableView;
			sourceTree = "<group>";
		};
		28768843276B922D002A047F /* Cells */ = {
			isa = PBXGroup;
			children = (
				28768841276B91CA002A047F /* MovieListItemTableViewCell.swift */,
				28768844276B9246002A047F /* MovieListItemTableViewCell.xib */,
			);
			path = Cells;
			sourceTree = "<group>";
		};
		28A4F3C8276A0FFB00382CF0 = {
			isa = PBXGroup;
			children = (
				28A4F3D3276A0FFB00382CF0 /* Movies */,
				28A4F3EA276A0FFE00382CF0 /* MoviesTests */,
				28A4F3F4276A0FFE00382CF0 /* MoviesUITests */,
				28A4F3D2276A0FFB00382CF0 /* Products */,
			);
			sourceTree = "<group>";
		};
		28A4F3D2276A0FFB00382CF0 /* Products */ = {
			isa = PBXGroup;
			children = (
				28A4F3D1276A0FFB00382CF0 /* Movies.app */,
				28A4F3E7276A0FFE00382CF0 /* MoviesTests.xctest */,
				28A4F3F1276A0FFE00382CF0 /* MoviesUITests.xctest */,
			);
			name = Products;
			sourceTree = "<group>";
		};
		28A4F3D3276A0FFB00382CF0 /* Movies */ = {
			isa = PBXGroup;
			children = (
				28768821276A116A002A047F /* Main */,
				28768820276A113F002A047F /* Presentation */,
				2876881D276A10BB002A047F /* Domain */,
				2876881C276A10A6002A047F /* Data */,
			);
			path = Movies;
			sourceTree = "<group>";
		};
		28A4F3EA276A0FFE00382CF0 /* MoviesTests */ = {
			isa = PBXGroup;
			children = (
				28A4F3EB276A0FFE00382CF0 /* MoviesTests.swift */,
			);
			path = MoviesTests;
			sourceTree = "<group>";
		};
		28A4F3F4276A0FFE00382CF0 /* MoviesUITests */ = {
			isa = PBXGroup;
			children = (
				28A4F3F5276A0FFE00382CF0 /* MoviesUITests.swift */,
				28A4F3F7276A0FFE00382CF0 /* MoviesUITestsLaunchTests.swift */,
			);
			path = MoviesUITests;
			sourceTree = "<group>";
		};
/* End PBXGroup section */

/* Begin PBXNativeTarget section */
		28A4F3D0276A0FFB00382CF0 /* Movies */ = {
			isa = PBXNativeTarget;
			buildConfigurationList = 28A4F3FB276A0FFE00382CF0 /* Build configuration list for PBXNativeTarget "Movies" */;
			buildPhases = (
				28A4F3CD276A0FFB00382CF0 /* Sources */,
				28A4F3CE276A0FFB00382CF0 /* Frameworks */,
				28A4F3CF276A0FFB00382CF0 /* Resources */,
			);
			buildRules = (
			);
			dependencies = (
			);
			name = Movies;
			productName = Movies;
			productReference = 28A4F3D1276A0FFB00382CF0 /* Movies.app */;
			productType = "com.apple.product-type.application";
		};
		28A4F3E6276A0FFE00382CF0 /* MoviesTests */ = {
			isa = PBXNativeTarget;
			buildConfigurationList = 28A4F3FE276A0FFE00382CF0 /* Build configuration list for PBXNativeTarget "MoviesTests" */;
			buildPhases = (
				28A4F3E3276A0FFE00382CF0 /* Sources */,
				28A4F3E4276A0FFE00382CF0 /* Frameworks */,
				28A4F3E5276A0FFE00382CF0 /* Resources */,
			);
			buildRules = (
			);
			dependencies = (
				28A4F3E9276A0FFE00382CF0 /* PBXTargetDependency */,
			);
			name = MoviesTests;
			productName = MoviesTests;
			productReference = 28A4F3E7276A0FFE00382CF0 /* MoviesTests.xctest */;
			productType = "com.apple.product-type.bundle.unit-test";
		};
		28A4F3F0276A0FFE00382CF0 /* MoviesUITests */ = {
			isa = PBXNativeTarget;
			buildConfigurationList = 28A4F401276A0FFE00382CF0 /* Build configuration list for PBXNativeTarget "MoviesUITests" */;
			buildPhases = (
				28A4F3ED276A0FFE00382CF0 /* Sources */,
				28A4F3EE276A0FFE00382CF0 /* Frameworks */,
				28A4F3EF276A0FFE00382CF0 /* Resources */,
			);
			buildRules = (
			);
			dependencies = (
				28A4F3F3276A0FFE00382CF0 /* PBXTargetDependency */,
			);
			name = MoviesUITests;
			productName = MoviesUITests;
			productReference = 28A4F3F1276A0FFE00382CF0 /* MoviesUITests.xctest */;
			productType = "com.apple.product-type.bundle.ui-testing";
		};
/* End PBXNativeTarget section */

/* Begin PBXProject section */
		28A4F3C9276A0FFB00382CF0 /* Project object */ = {
			isa = PBXProject;
			attributes = {
				BuildIndependentTargetsInParallel = 1;
				LastSwiftUpdateCheck = 1320;
				LastUpgradeCheck = 1320;
				TargetAttributes = {
					28A4F3D0276A0FFB00382CF0 = {
						CreatedOnToolsVersion = 13.2;
					};
					28A4F3E6276A0FFE00382CF0 = {
						CreatedOnToolsVersion = 13.2;
						TestTargetID = 28A4F3D0276A0FFB00382CF0;
					};
					28A4F3F0276A0FFE00382CF0 = {
						CreatedOnToolsVersion = 13.2;
						TestTargetID = 28A4F3D0276A0FFB00382CF0;
					};
				};
			};
			buildConfigurationList = 28A4F3CC276A0FFB00382CF0 /* Build configuration list for PBXProject "Movies" */;
			compatibilityVersion = "Xcode 13.0";
			developmentRegion = en;
			hasScannedForEncodings = 0;
			knownRegions = (
				en,
				Base,
			);
			mainGroup = 28A4F3C8276A0FFB00382CF0;
			productRefGroup = 28A4F3D2276A0FFB00382CF0 /* Products */;
			projectDirPath = "";
			projectRoot = "";
			targets = (
				28A4F3D0276A0FFB00382CF0 /* Movies */,
				28A4F3E6276A0FFE00382CF0 /* MoviesTests */,
				28A4F3F0276A0FFE00382CF0 /* MoviesUITests */,
			);
		};
/* End PBXProject section */

/* Begin PBXResourcesBuildPhase section */
		28A4F3CF276A0FFB00382CF0 /* Resources */ = {
			isa = PBXResourcesBuildPhase;
			buildActionMask = 2147483647;
			files = (
				28A4F3E1276A0FFE00382CF0 /* LaunchScreen.storyboard in Resources */,
				28768845276B9246002A047F /* MovieListItemTableViewCell.xib in Resources */,
				28A4F3DE276A0FFE00382CF0 /* Assets.xcassets in Resources */,
				28A4F3DC276A0FFB00382CF0 /* Main.storyboard in Resources */,
			);
			runOnlyForDeploymentPostprocessing = 0;
		};
		28A4F3E5276A0FFE00382CF0 /* Resources */ = {
			isa = PBXResourcesBuildPhase;
			buildActionMask = 2147483647;
			files = (
			);
			runOnlyForDeploymentPostprocessing = 0;
		};
		28A4F3EF276A0FFE00382CF0 /* Resources */ = {
			isa = PBXResourcesBuildPhase;
			buildActionMask = 2147483647;
			files = (
			);
			runOnlyForDeploymentPostprocessing = 0;
		};
/* End PBXResourcesBuildPhase section */

/* Begin PBXSourcesBuildPhase section */
		28A4F3CD276A0FFB00382CF0 /* Sources */ = {
			isa = PBXSourcesBuildPhase;
			buildActionMask = 2147483647;
			files = (
				28768832276A1A3D002A047F /* Network.swift in Sources */,
				28768838276A1FBD002A047F /* Request.swift in Sources */,
				28768842276B91CA002A047F /* MovieListItemTableViewCell.swift in Sources */,
				28A4F3D9276A0FFB00382CF0 /* MovieListViewController.swift in Sources */,
				2876883A276B5323002A047F /* MovieListViewModel.swift in Sources */,
				28A4F3D5276A0FFB00382CF0 /* AppDelegate.swift in Sources */,
				2876882F276A1769002A047F /* MovieListService.swift in Sources */,
				28768823276A11AC002A047F /* MovieList.swift in Sources */,
				28768827276A1469002A047F /* FetchPopularMoviesUseCase.swift in Sources */,
				28768825276A1277002A047F /* Movie.swift in Sources */,
				28265478277079CD0007F748 /* DefaultMovieListRepository.swift in Sources */,
				280EB245276C9D4100802D9D /* FetchMoviesUseCase.swift in Sources */,
				28768836276A1E13002A047F /* PopularMoviesRequest.swift in Sources */,
				2876883C276B6145002A047F /* MovieListItemViewModel.swift in Sources */,
				28768834276A1A79002A047F /* Service.swift in Sources */,
				28768829276A1600002A047F /* MovieListRepository.swift in Sources */,
				2826547227706C860007F748 /* TopRatedMoviesRequest.swift in Sources */,
				280EB247276C9D9500802D9D /* FetchTopRatedMoviesUseCase.swift in Sources */,
				28768847276B9C3B002A047F /* MovieListTableViewAdapter.swift in Sources */,
			);
			runOnlyForDeploymentPostprocessing = 0;
		};
		28A4F3E3276A0FFE00382CF0 /* Sources */ = {
			isa = PBXSourcesBuildPhase;
			buildActionMask = 2147483647;
			files = (
				28A4F3EC276A0FFE00382CF0 /* MoviesTests.swift in Sources */,
			);
			runOnlyForDeploymentPostprocessing = 0;
		};
		28A4F3ED276A0FFE00382CF0 /* Sources */ = {
			isa = PBXSourcesBuildPhase;
			buildActionMask = 2147483647;
			files = (
				28A4F3F6276A0FFE00382CF0 /* MoviesUITests.swift in Sources */,
				28A4F3F8276A0FFE00382CF0 /* MoviesUITestsLaunchTests.swift in Sources */,
			);
			runOnlyForDeploymentPostprocessing = 0;
		};
/* End PBXSourcesBuildPhase section */

/* Begin PBXTargetDependency section */
		28A4F3E9276A0FFE00382CF0 /* PBXTargetDependency */ = {
			isa = PBXTargetDependency;
			target = 28A4F3D0276A0FFB00382CF0 /* Movies */;
			targetProxy = 28A4F3E8276A0FFE00382CF0 /* PBXContainerItemProxy */;
		};
		28A4F3F3276A0FFE00382CF0 /* PBXTargetDependency */ = {
			isa = PBXTargetDependency;
			target = 28A4F3D0276A0FFB00382CF0 /* Movies */;
			targetProxy = 28A4F3F2276A0FFE00382CF0 /* PBXContainerItemProxy */;
		};
/* End PBXTargetDependency section */

/* Begin PBXVariantGroup section */
		28A4F3DA276A0FFB00382CF0 /* Main.storyboard */ = {
			isa = PBXVariantGroup;
			children = (
				28A4F3DB276A0FFB00382CF0 /* Base */,
			);
			name = Main.storyboard;
			sourceTree = "<group>";
		};
		28A4F3DF276A0FFE00382CF0 /* LaunchScreen.storyboard */ = {
			isa = PBXVariantGroup;
			children = (
				28A4F3E0276A0FFE00382CF0 /* Base */,
			);
			name = LaunchScreen.storyboard;
			sourceTree = "<group>";
		};
/* End PBXVariantGroup section */

/* Begin XCBuildConfiguration section */
		28A4F3F9276A0FFE00382CF0 /* Debug */ = {
			isa = XCBuildConfiguration;
			buildSettings = {
				ALWAYS_SEARCH_USER_PATHS = NO;
				CLANG_ANALYZER_NONNULL = YES;
				CLANG_ANALYZER_NUMBER_OBJECT_CONVERSION = YES_AGGRESSIVE;
				CLANG_CXX_LANGUAGE_STANDARD = "gnu++17";
				CLANG_CXX_LIBRARY = "libc++";
				CLANG_ENABLE_MODULES = YES;
				CLANG_ENABLE_OBJC_ARC = YES;
				CLANG_ENABLE_OBJC_WEAK = YES;
				CLANG_WARN_BLOCK_CAPTURE_AUTORELEASING = YES;
				CLANG_WARN_BOOL_CONVERSION = YES;
				CLANG_WARN_COMMA = YES;
				CLANG_WARN_CONSTANT_CONVERSION = YES;
				CLANG_WARN_DEPRECATED_OBJC_IMPLEMENTATIONS = YES;
				CLANG_WARN_DIRECT_OBJC_ISA_USAGE = YES_ERROR;
				CLANG_WARN_DOCUMENTATION_COMMENTS = YES;
				CLANG_WARN_EMPTY_BODY = YES;
				CLANG_WARN_ENUM_CONVERSION = YES;
				CLANG_WARN_INFINITE_RECURSION = YES;
				CLANG_WARN_INT_CONVERSION = YES;
				CLANG_WARN_NON_LITERAL_NULL_CONVERSION = YES;
				CLANG_WARN_OBJC_IMPLICIT_RETAIN_SELF = YES;
				CLANG_WARN_OBJC_LITERAL_CONVERSION = YES;
				CLANG_WARN_OBJC_ROOT_CLASS = YES_ERROR;
				CLANG_WARN_QUOTED_INCLUDE_IN_FRAMEWORK_HEADER = YES;
				CLANG_WARN_RANGE_LOOP_ANALYSIS = YES;
				CLANG_WARN_STRICT_PROTOTYPES = YES;
				CLANG_WARN_SUSPICIOUS_MOVE = YES;
				CLANG_WARN_UNGUARDED_AVAILABILITY = YES_AGGRESSIVE;
				CLANG_WARN_UNREACHABLE_CODE = YES;
				CLANG_WARN__DUPLICATE_METHOD_MATCH = YES;
				COPY_PHASE_STRIP = NO;
				DEBUG_INFORMATION_FORMAT = dwarf;
				ENABLE_STRICT_OBJC_MSGSEND = YES;
				ENABLE_TESTABILITY = YES;
				GCC_C_LANGUAGE_STANDARD = gnu11;
				GCC_DYNAMIC_NO_PIC = NO;
				GCC_NO_COMMON_BLOCKS = YES;
				GCC_OPTIMIZATION_LEVEL = 0;
				GCC_PREPROCESSOR_DEFINITIONS = (
					"DEBUG=1",
					"$(inherited)",
				);
				GCC_WARN_64_TO_32_BIT_CONVERSION = YES;
				GCC_WARN_ABOUT_RETURN_TYPE = YES_ERROR;
				GCC_WARN_UNDECLARED_SELECTOR = YES;
				GCC_WARN_UNINITIALIZED_AUTOS = YES_AGGRESSIVE;
				GCC_WARN_UNUSED_FUNCTION = YES;
				GCC_WARN_UNUSED_VARIABLE = YES;
				IPHONEOS_DEPLOYMENT_TARGET = 15.2;
				MTL_ENABLE_DEBUG_INFO = INCLUDE_SOURCE;
				MTL_FAST_MATH = YES;
				ONLY_ACTIVE_ARCH = YES;
				SDKROOT = iphoneos;
				SWIFT_ACTIVE_COMPILATION_CONDITIONS = DEBUG;
				SWIFT_OPTIMIZATION_LEVEL = "-Onone";
			};
			name = Debug;
		};
		28A4F3FA276A0FFE00382CF0 /* Release */ = {
			isa = XCBuildConfiguration;
			buildSettings = {
				ALWAYS_SEARCH_USER_PATHS = NO;
				CLANG_ANALYZER_NONNULL = YES;
				CLANG_ANALYZER_NUMBER_OBJECT_CONVERSION = YES_AGGRESSIVE;
				CLANG_CXX_LANGUAGE_STANDARD = "gnu++17";
				CLANG_CXX_LIBRARY = "libc++";
				CLANG_ENABLE_MODULES = YES;
				CLANG_ENABLE_OBJC_ARC = YES;
				CLANG_ENABLE_OBJC_WEAK = YES;
				CLANG_WARN_BLOCK_CAPTURE_AUTORELEASING = YES;
				CLANG_WARN_BOOL_CONVERSION = YES;
				CLANG_WARN_COMMA = YES;
				CLANG_WARN_CONSTANT_CONVERSION = YES;
				CLANG_WARN_DEPRECATED_OBJC_IMPLEMENTATIONS = YES;
				CLANG_WARN_DIRECT_OBJC_ISA_USAGE = YES_ERROR;
				CLANG_WARN_DOCUMENTATION_COMMENTS = YES;
				CLANG_WARN_EMPTY_BODY = YES;
				CLANG_WARN_ENUM_CONVERSION = YES;
				CLANG_WARN_INFINITE_RECURSION = YES;
				CLANG_WARN_INT_CONVERSION = YES;
				CLANG_WARN_NON_LITERAL_NULL_CONVERSION = YES;
				CLANG_WARN_OBJC_IMPLICIT_RETAIN_SELF = YES;
				CLANG_WARN_OBJC_LITERAL_CONVERSION = YES;
				CLANG_WARN_OBJC_ROOT_CLASS = YES_ERROR;
				CLANG_WARN_QUOTED_INCLUDE_IN_FRAMEWORK_HEADER = YES;
				CLANG_WARN_RANGE_LOOP_ANALYSIS = YES;
				CLANG_WARN_STRICT_PROTOTYPES = YES;
				CLANG_WARN_SUSPICIOUS_MOVE = YES;
				CLANG_WARN_UNGUARDED_AVAILABILITY = YES_AGGRESSIVE;
				CLANG_WARN_UNREACHABLE_CODE = YES;
				CLANG_WARN__DUPLICATE_METHOD_MATCH = YES;
				COPY_PHASE_STRIP = NO;
				DEBUG_INFORMATION_FORMAT = "dwarf-with-dsym";
				ENABLE_NS_ASSERTIONS = NO;
				ENABLE_STRICT_OBJC_MSGSEND = YES;
				GCC_C_LANGUAGE_STANDARD = gnu11;
				GCC_NO_COMMON_BLOCKS = YES;
				GCC_WARN_64_TO_32_BIT_CONVERSION = YES;
				GCC_WARN_ABOUT_RETURN_TYPE = YES_ERROR;
				GCC_WARN_UNDECLARED_SELECTOR = YES;
				GCC_WARN_UNINITIALIZED_AUTOS = YES_AGGRESSIVE;
				GCC_WARN_UNUSED_FUNCTION = YES;
				GCC_WARN_UNUSED_VARIABLE = YES;
				IPHONEOS_DEPLOYMENT_TARGET = 15.2;
				MTL_ENABLE_DEBUG_INFO = NO;
				MTL_FAST_MATH = YES;
				SDKROOT = iphoneos;
				SWIFT_COMPILATION_MODE = wholemodule;
				SWIFT_OPTIMIZATION_LEVEL = "-O";
				VALIDATE_PRODUCT = YES;
			};
			name = Release;
		};
		28A4F3FC276A0FFE00382CF0 /* Debug */ = {
			isa = XCBuildConfiguration;
			buildSettings = {
				ASSETCATALOG_COMPILER_APPICON_NAME = AppIcon;
				ASSETCATALOG_COMPILER_GLOBAL_ACCENT_COLOR_NAME = AccentColor;
				CODE_SIGN_STYLE = Automatic;
				CURRENT_PROJECT_VERSION = 1;
				GENERATE_INFOPLIST_FILE = YES;
				INFOPLIST_FILE = Movies/Info.plist;
				INFOPLIST_KEY_UIApplicationSupportsIndirectInputEvents = YES;
				INFOPLIST_KEY_UILaunchStoryboardName = LaunchScreen;
				INFOPLIST_KEY_UIMainStoryboardFile = Main;
				INFOPLIST_KEY_UISupportedInterfaceOrientations = UIInterfaceOrientationPortrait;
				INFOPLIST_KEY_UISupportedInterfaceOrientations_iPad = "UIInterfaceOrientationPortrait UIInterfaceOrientationPortraitUpsideDown UIInterfaceOrientationLandscapeLeft UIInterfaceOrientationLandscapeRight";
				INFOPLIST_KEY_UISupportedInterfaceOrientations_iPhone = "UIInterfaceOrientationPortrait UIInterfaceOrientationLandscapeLeft UIInterfaceOrientationLandscapeRight";
				LD_RUNPATH_SEARCH_PATHS = (
					"$(inherited)",
					"@executable_path/Frameworks",
				);
				MARKETING_VERSION = 1.0;
				PRODUCT_BUNDLE_IDENTIFIER = self.edu.Movies;
				PRODUCT_NAME = "$(TARGET_NAME)";
				SWIFT_EMIT_LOC_STRINGS = YES;
				SWIFT_VERSION = 5.0;
				TARGETED_DEVICE_FAMILY = "1,2";
			};
			name = Debug;
		};
		28A4F3FD276A0FFE00382CF0 /* Release */ = {
			isa = XCBuildConfiguration;
			buildSettings = {
				ASSETCATALOG_COMPILER_APPICON_NAME = AppIcon;
				ASSETCATALOG_COMPILER_GLOBAL_ACCENT_COLOR_NAME = AccentColor;
				CODE_SIGN_STYLE = Automatic;
				CURRENT_PROJECT_VERSION = 1;
				GENERATE_INFOPLIST_FILE = YES;
				INFOPLIST_FILE = Movies/Info.plist;
				INFOPLIST_KEY_UIApplicationSupportsIndirectInputEvents = YES;
				INFOPLIST_KEY_UILaunchStoryboardName = LaunchScreen;
				INFOPLIST_KEY_UIMainStoryboardFile = Main;
				INFOPLIST_KEY_UISupportedInterfaceOrientations = UIInterfaceOrientationPortrait;
				INFOPLIST_KEY_UISupportedInterfaceOrientations_iPad = "UIInterfaceOrientationPortrait UIInterfaceOrientationPortraitUpsideDown UIInterfaceOrientationLandscapeLeft UIInterfaceOrientationLandscapeRight";
				INFOPLIST_KEY_UISupportedInterfaceOrientations_iPhone = "UIInterfaceOrientationPortrait UIInterfaceOrientationLandscapeLeft UIInterfaceOrientationLandscapeRight";
				LD_RUNPATH_SEARCH_PATHS = (
					"$(inherited)",
					"@executable_path/Frameworks",
				);
				MARKETING_VERSION = 1.0;
				PRODUCT_BUNDLE_IDENTIFIER = self.edu.Movies;
				PRODUCT_NAME = "$(TARGET_NAME)";
				SWIFT_EMIT_LOC_STRINGS = YES;
				SWIFT_VERSION = 5.0;
				TARGETED_DEVICE_FAMILY = "1,2";
			};
			name = Release;
		};
		28A4F3FF276A0FFE00382CF0 /* Debug */ = {
			isa = XCBuildConfiguration;
			buildSettings = {
				ALWAYS_EMBED_SWIFT_STANDARD_LIBRARIES = YES;
				BUNDLE_LOADER = "$(TEST_HOST)";
				CODE_SIGN_STYLE = Automatic;
				CURRENT_PROJECT_VERSION = 1;
				GENERATE_INFOPLIST_FILE = YES;
				IPHONEOS_DEPLOYMENT_TARGET = 15.2;
				MARKETING_VERSION = 1.0;
				PRODUCT_BUNDLE_IDENTIFIER = self.edu.MoviesTests;
				PRODUCT_NAME = "$(TARGET_NAME)";
				SWIFT_EMIT_LOC_STRINGS = NO;
				SWIFT_VERSION = 5.0;
				TARGETED_DEVICE_FAMILY = "1,2";
				TEST_HOST = "$(BUILT_PRODUCTS_DIR)/Movies.app/Movies";
			};
			name = Debug;
		};
		28A4F400276A0FFE00382CF0 /* Release */ = {
			isa = XCBuildConfiguration;
			buildSettings = {
				ALWAYS_EMBED_SWIFT_STANDARD_LIBRARIES = YES;
				BUNDLE_LOADER = "$(TEST_HOST)";
				CODE_SIGN_STYLE = Automatic;
				CURRENT_PROJECT_VERSION = 1;
				GENERATE_INFOPLIST_FILE = YES;
				IPHONEOS_DEPLOYMENT_TARGET = 15.2;
				MARKETING_VERSION = 1.0;
				PRODUCT_BUNDLE_IDENTIFIER = self.edu.MoviesTests;
				PRODUCT_NAME = "$(TARGET_NAME)";
				SWIFT_EMIT_LOC_STRINGS = NO;
				SWIFT_VERSION = 5.0;
				TARGETED_DEVICE_FAMILY = "1,2";
				TEST_HOST = "$(BUILT_PRODUCTS_DIR)/Movies.app/Movies";
			};
			name = Release;
		};
		28A4F402276A0FFE00382CF0 /* Debug */ = {
			isa = XCBuildConfiguration;
			buildSettings = {
				ALWAYS_EMBED_SWIFT_STANDARD_LIBRARIES = YES;
				CODE_SIGN_STYLE = Automatic;
				CURRENT_PROJECT_VERSION = 1;
				GENERATE_INFOPLIST_FILE = YES;
				MARKETING_VERSION = 1.0;
				PRODUCT_BUNDLE_IDENTIFIER = self.edu.MoviesUITests;
				PRODUCT_NAME = "$(TARGET_NAME)";
				SWIFT_EMIT_LOC_STRINGS = NO;
				SWIFT_VERSION = 5.0;
				TARGETED_DEVICE_FAMILY = "1,2";
				TEST_TARGET_NAME = Movies;
			};
			name = Debug;
		};
		28A4F403276A0FFE00382CF0 /* Release */ = {
			isa = XCBuildConfiguration;
			buildSettings = {
				ALWAYS_EMBED_SWIFT_STANDARD_LIBRARIES = YES;
				CODE_SIGN_STYLE = Automatic;
				CURRENT_PROJECT_VERSION = 1;
				GENERATE_INFOPLIST_FILE = YES;
				MARKETING_VERSION = 1.0;
				PRODUCT_BUNDLE_IDENTIFIER = self.edu.MoviesUITests;
				PRODUCT_NAME = "$(TARGET_NAME)";
				SWIFT_EMIT_LOC_STRINGS = NO;
				SWIFT_VERSION = 5.0;
				TARGETED_DEVICE_FAMILY = "1,2";
				TEST_TARGET_NAME = Movies;
			};
			name = Release;
		};
/* End XCBuildConfiguration section */

/* Begin XCConfigurationList section */
		28A4F3CC276A0FFB00382CF0 /* Build configuration list for PBXProject "Movies" */ = {
			isa = XCConfigurationList;
			buildConfigurations = (
				28A4F3F9276A0FFE00382CF0 /* Debug */,
				28A4F3FA276A0FFE00382CF0 /* Release */,
			);
			defaultConfigurationIsVisible = 0;
			defaultConfigurationName = Release;
		};
		28A4F3FB276A0FFE00382CF0 /* Build configuration list for PBXNativeTarget "Movies" */ = {
			isa = XCConfigurationList;
			buildConfigurations = (
				28A4F3FC276A0FFE00382CF0 /* Debug */,
				28A4F3FD276A0FFE00382CF0 /* Release */,
			);
			defaultConfigurationIsVisible = 0;
			defaultConfigurationName = Release;
		};
		28A4F3FE276A0FFE00382CF0 /* Build configuration list for PBXNativeTarget "MoviesTests" */ = {
			isa = XCConfigurationList;
			buildConfigurations = (
				28A4F3FF276A0FFE00382CF0 /* Debug */,
				28A4F400276A0FFE00382CF0 /* Release */,
			);
			defaultConfigurationIsVisible = 0;
			defaultConfigurationName = Release;
		};
		28A4F401276A0FFE00382CF0 /* Build configuration list for PBXNativeTarget "MoviesUITests" */ = {
			isa = XCConfigurationList;
			buildConfigurations = (
				28A4F402276A0FFE00382CF0 /* Debug */,
				28A4F403276A0FFE00382CF0 /* Release */,
			);
			defaultConfigurationIsVisible = 0;
			defaultConfigurationName = Release;
		};
/* End XCConfigurationList section */
	};
	rootObject = 28A4F3C9276A0FFB00382CF0 /* Project object */;
}
